
Microsoft Visual Studio Solution File, Format Version 12.00
# Visual Studio Version 17
VisualStudioVersion = 17.12.35707.178
MinimumVisualStudioVersion = 10.0.40219.1
Project("{9A19103F-16F7-4668-BE54-9A1E7A4F7556}") = "SlimFitGymBackend", "SlimFitGymBackend\SlimFitGymBackend.csproj", "{03957165-415A-4183-AB50-343086743AE5}"
EndProject
Project("{9A19103F-16F7-4668-BE54-9A1E7A4F7556}") = "SlimFitGym.Models", "SlimFitGym.Models\SlimFitGym.Models.csproj", "{DF422C42-F75C-404A-9FA4-C6B8F56B2758}"
EndProject
Project("{9A19103F-16F7-4668-BE54-9A1E7A4F7556}") = "SlimFitGym.EFData", "SlimFitGym.EFData\SlimFitGym.EFData.csproj", "{230A43E8-9EBA-4721-81B8-4540B8AE3DD0}"
EndProject
Project("{FAE04EC0-301F-11D3-BF4B-00C04F79EFBC}") = "SlimFitGym.Tests", "SlimFitGym.Tests\SlimFitGym.Tests.csproj", "{D9025058-E0AA-4697-9A48-3757E2877ED7}"
EndProject
Global
	GlobalSection(SolutionConfigurationPlatforms) = preSolution
		Debug|Any CPU = Debug|Any CPU
		Release|Any CPU = Release|Any CPU
	EndGlobalSection
	GlobalSection(ProjectConfigurationPlatforms) = postSolution
		{03957165-415A-4183-AB50-343086743AE5}.Debug|Any CPU.ActiveCfg = Debug|Any CPU
		{03957165-415A-4183-AB50-343086743AE5}.Debug|Any CPU.Build.0 = Debug|Any CPU
		{03957165-415A-4183-AB50-343086743AE5}.Release|Any CPU.ActiveCfg = Release|Any CPU
		{03957165-415A-4183-AB50-343086743AE5}.Release|Any CPU.Build.0 = Release|Any CPU
		{DF422C42-F75C-404A-9FA4-C6B8F56B2758}.Debug|Any CPU.ActiveCfg = Debug|Any CPU
		{DF422C42-F75C-404A-9FA4-C6B8F56B2758}.Debug|Any CPU.Build.0 = Debug|Any CPU
		{DF422C42-F75C-404A-9FA4-C6B8F56B2758}.Release|Any CPU.ActiveCfg = Release|Any CPU
		{DF422C42-F75C-404A-9FA4-C6B8F56B2758}.Release|Any CPU.Build.0 = Release|Any CPU
		{230A43E8-9EBA-4721-81B8-4540B8AE3DD0}.Debug|Any CPU.ActiveCfg = Debug|Any CPU
		{230A43E8-9EBA-4721-81B8-4540B8AE3DD0}.Debug|Any CPU.Build.0 = Debug|Any CPU
		{230A43E8-9EBA-4721-81B8-4540B8AE3DD0}.Release|Any CPU.ActiveCfg = Release|Any CPU
		{230A43E8-9EBA-4721-81B8-4540B8AE3DD0}.Release|Any CPU.Build.0 = Release|Any CPU
		{D9025058-E0AA-4697-9A48-3757E2877ED7}.Debug|Any CPU.ActiveCfg = Debug|Any CPU
		{D9025058-E0AA-4697-9A48-3757E2877ED7}.Debug|Any CPU.Build.0 = Debug|Any CPU
		{D9025058-E0AA-4697-9A48-3757E2877ED7}.Release|Any CPU.ActiveCfg = Release|Any CPU
		{D9025058-E0AA-4697-9A48-3757E2877ED7}.Release|Any CPU.Build.0 = Release|Any CPU
	EndGlobalSection
	GlobalSection(SolutionProperties) = preSolution
		HideSolutionNode = FALSE
	EndGlobalSection
	GlobalSection(ExtensibilityGlobals) = postSolution
		SolutionGuid = {6195CCB4-89FC-42CD-AD7D-C981615C1D63}
	EndGlobalSection
EndGlobal
