
Microsoft Visual Studio Solution File, Format Version 12.00
# Visual Studio Version 17
VisualStudioVersion = 17.12.35707.178 d17.12
MinimumVisualStudioVersion = 10.0.40219.1
Project("{FAE04EC0-301F-11D3-BF4B-00C04F79EFBC}") = "SlimFitGymBackend", "SlimFitGymBackend.csproj", "{03957165-415A-4183-AB50-343086743AE5}"
EndProject
Project("{FAE04EC0-301F-11D3-BF4B-00C04F79EFBC}") = "SlimFitGym.Models", "..\SlimFitGym.Models\SlimFitGym.Models.csproj", "{DF422C42-F75C-404A-9FA4-C6B8F56B2758}"
EndProject
Project("{FAE04EC0-301F-11D3-BF4B-00C04F79EFBC}") = "SlimFitGym.EFData", "..\SlimFitGym.EFData\SlimFitGym.EFData.csproj", "{230A43E8-9EBA-4721-81B8-4540B8AE3DD0}"
EndProject
Global
	GlobalSection(SolutionConfigurationPlatforms) = preSolution
		Debug|Any CPU = Debug|Any CPU
		Release|Any CPU = Release|Any CPU
	EndGlobalSection
	GlobalSection(ProjectConfigurationPlatforms) = postSolution
		{03957165-415A-4183-AB50-343086743AE5}.Debug|Any CPU.ActiveCfg = Debug|Any CPU
		{03957165-415A-4183-AB50-343086743AE5}.Debug|Any CPU.Build.0 = Debug|Any CPU
		{03957165-415A-4183-AB50-343086743AE5}.Release|Any CPU.ActiveCfg = Release|Any CPU
		{03957165-415A-4183-AB50-343086743AE5}.Release|Any CPU.Build.0 = Release|Any CPU
		{DF422C42-F75C-404A-9FA4-C6B8F56B2758}.Debug|Any CPU.ActiveCfg = Debug|Any CPU
		{DF422C42-F75C-404A-9FA4-C6B8F56B2758}.Debug|Any CPU.Build.0 = Debug|Any CPU
		{DF422C42-F75C-404A-9FA4-C6B8F56B2758}.Release|Any CPU.ActiveCfg = Release|Any CPU
		{DF422C42-F75C-404A-9FA4-C6B8F56B2758}.Release|Any CPU.Build.0 = Release|Any CPU
		{230A43E8-9EBA-4721-81B8-4540B8AE3DD0}.Debug|Any CPU.ActiveCfg = Debug|Any CPU
		{230A43E8-9EBA-4721-81B8-4540B8AE3DD0}.Debug|Any CPU.Build.0 = Debug|Any CPU
		{230A43E8-9EBA-4721-81B8-4540B8AE3DD0}.Release|Any CPU.ActiveCfg = Release|Any CPU
		{230A43E8-9EBA-4721-81B8-4540B8AE3DD0}.Release|Any CPU.Build.0 = Release|Any CPU
	EndGlobalSection
	GlobalSection(SolutionProperties) = preSolution
		HideSolutionNode = FALSE
	EndGlobalSection
EndGlobal
